
Microsoft Visual Studio Solution File, Format Version 12.00
Project("{2150E333-8FDC-42A3-9474-1A3956D46DE8}") = "Server", "Server", "{3AF131D2-E025-4DEE-BA0A-CD5CCA4BCB2D}"
EndProject
Project("{2150E333-8FDC-42A3-9474-1A3956D46DE8}") = "Clients", "Clients", "{3DDEB14E-11D4-45D8-A01C-BE0F4E12F76C}"
EndProject
Project("{2150E333-8FDC-42A3-9474-1A3956D46DE8}") = "Tests", "Tests", "{811F8C4C-D674-473B-83FD-A3CD632EE39E}"
EndProject
Project("{2150E333-8FDC-42A3-9474-1A3956D46DE8}") = "Deployables", "Deployables", "{1C2D5289-9707-435D-A708-8DAFBD5DEBD3}"
EndProject
Project("{2150E333-8FDC-42A3-9474-1A3956D46DE8}") = "Clients", "Clients", "{E2E6F463-E50C-48F2-9113-4AC5A87DC595}"
EndProject
Project("{2150E333-8FDC-42A3-9474-1A3956D46DE8}") = "Server", "Server", "{8619075F-84DC-447A-B9B2-3980B1610A4C}"
EndProject
Project("{FAE04EC0-301F-11D3-BF4B-00C04F79EFBC}") = "Application", "MadWorldNL.HomeFriend.Server.Application\Application.csproj", "{7453EDB5-C4C1-4096-A4F7-1156257E439F}"
EndProject
Project("{FAE04EC0-301F-11D3-BF4B-00C04F79EFBC}") = "Hub", "MadWorldNL.HomeFriend.Server.Hub\Hub.csproj", "{D4E6E7E7-1E9B-420D-AFC8-397392F5004A}"
EndProject
Project("{2150E333-8FDC-42A3-9474-1A3956D46DE8}") = "Solution Items", "Solution Items", "{6859C5A4-24E7-43C6-931A-DC387E6D3E1D}"
	ProjectSection(SolutionItems) = preProject
		docker-compose.yml = docker-compose.yml
		Directory.Build.props = Directory.Build.props
		Directory.Packages.props = Directory.Packages.props
	EndProjectSection
EndProject
Project("{FAE04EC0-301F-11D3-BF4B-00C04F79EFBC}") = "Domain", "MadWorldNL.HomeFriend.Server.Domain\Domain.csproj", "{0708AD77-AA65-4EA3-BD59-EB7982E97581}"
EndProject
Project("{FAE04EC0-301F-11D3-BF4B-00C04F79EFBC}") = "Infrastructure", "MadWorldNL.HomeFriend.Server.Infrastructure\Infrastructure.csproj", "{7F10CC9E-7A38-485C-963A-EB1E3F3ADEF1}"
EndProject
Project("{2150E333-8FDC-42A3-9474-1A3956D46DE8}") = "Portal", "Portal", "{272B2289-7101-45DB-8869-7AA847EB4DCB}"
EndProject
Project("{FAE04EC0-301F-11D3-BF4B-00C04F79EFBC}") = "Portal", "MadWorldNL.HomeFriend.Clients.Portal\Portal.csproj", "{128B93DB-04CA-4591-AD5F-2C0F5FC36470}"
EndProject
Project("{2150E333-8FDC-42A3-9474-1A3956D46DE8}") = "Workflows", "Workflows", "{C6FA4D47-D610-43DC-9A3C-B52340E0EDA9}"
	ProjectSection(SolutionItems) = preProject
		..\.github\workflows\build-hub.yaml = ..\.github\workflows\build-hub.yaml
		..\.github\workflows\build-portal.yaml = ..\.github\workflows\build-portal.yaml
	EndProjectSection
EndProject
Global
	GlobalSection(SolutionConfigurationPlatforms) = preSolution
		Debug|Any CPU = Debug|Any CPU
		Release|Any CPU = Release|Any CPU
	EndGlobalSection
	GlobalSection(NestedProjects) = preSolution
		{3DDEB14E-11D4-45D8-A01C-BE0F4E12F76C} = {811F8C4C-D674-473B-83FD-A3CD632EE39E}
		{3AF131D2-E025-4DEE-BA0A-CD5CCA4BCB2D} = {811F8C4C-D674-473B-83FD-A3CD632EE39E}
		{E2E6F463-E50C-48F2-9113-4AC5A87DC595} = {1C2D5289-9707-435D-A708-8DAFBD5DEBD3}
		{8619075F-84DC-447A-B9B2-3980B1610A4C} = {1C2D5289-9707-435D-A708-8DAFBD5DEBD3}
		{7453EDB5-C4C1-4096-A4F7-1156257E439F} = {8619075F-84DC-447A-B9B2-3980B1610A4C}
		{D4E6E7E7-1E9B-420D-AFC8-397392F5004A} = {8619075F-84DC-447A-B9B2-3980B1610A4C}
		{0708AD77-AA65-4EA3-BD59-EB7982E97581} = {8619075F-84DC-447A-B9B2-3980B1610A4C}
		{7F10CC9E-7A38-485C-963A-EB1E3F3ADEF1} = {8619075F-84DC-447A-B9B2-3980B1610A4C}
		{272B2289-7101-45DB-8869-7AA847EB4DCB} = {E2E6F463-E50C-48F2-9113-4AC5A87DC595}
		{128B93DB-04CA-4591-AD5F-2C0F5FC36470} = {272B2289-7101-45DB-8869-7AA847EB4DCB}
		{C6FA4D47-D610-43DC-9A3C-B52340E0EDA9} = {6859C5A4-24E7-43C6-931A-DC387E6D3E1D}
	EndGlobalSection
	GlobalSection(ProjectConfigurationPlatforms) = postSolution
		{7453EDB5-C4C1-4096-A4F7-1156257E439F}.Debug|Any CPU.ActiveCfg = Debug|Any CPU
		{7453EDB5-C4C1-4096-A4F7-1156257E439F}.Debug|Any CPU.Build.0 = Debug|Any CPU
		{7453EDB5-C4C1-4096-A4F7-1156257E439F}.Release|Any CPU.ActiveCfg = Release|Any CPU
		{7453EDB5-C4C1-4096-A4F7-1156257E439F}.Release|Any CPU.Build.0 = Release|Any CPU
		{D4E6E7E7-1E9B-420D-AFC8-397392F5004A}.Debug|Any CPU.ActiveCfg = Debug|Any CPU
		{D4E6E7E7-1E9B-420D-AFC8-397392F5004A}.Debug|Any CPU.Build.0 = Debug|Any CPU
		{D4E6E7E7-1E9B-420D-AFC8-397392F5004A}.Release|Any CPU.ActiveCfg = Release|Any CPU
		{D4E6E7E7-1E9B-420D-AFC8-397392F5004A}.Release|Any CPU.Build.0 = Release|Any CPU
		{0708AD77-AA65-4EA3-BD59-EB7982E97581}.Debug|Any CPU.ActiveCfg = Debug|Any CPU
		{0708AD77-AA65-4EA3-BD59-EB7982E97581}.Debug|Any CPU.Build.0 = Debug|Any CPU
		{0708AD77-AA65-4EA3-BD59-EB7982E97581}.Release|Any CPU.ActiveCfg = Release|Any CPU
		{0708AD77-AA65-4EA3-BD59-EB7982E97581}.Release|Any CPU.Build.0 = Release|Any CPU
		{7F10CC9E-7A38-485C-963A-EB1E3F3ADEF1}.Debug|Any CPU.ActiveCfg = Debug|Any CPU
		{7F10CC9E-7A38-485C-963A-EB1E3F3ADEF1}.Debug|Any CPU.Build.0 = Debug|Any CPU
		{7F10CC9E-7A38-485C-963A-EB1E3F3ADEF1}.Release|Any CPU.ActiveCfg = Release|Any CPU
		{7F10CC9E-7A38-485C-963A-EB1E3F3ADEF1}.Release|Any CPU.Build.0 = Release|Any CPU
		{128B93DB-04CA-4591-AD5F-2C0F5FC36470}.Debug|Any CPU.ActiveCfg = Debug|Any CPU
		{128B93DB-04CA-4591-AD5F-2C0F5FC36470}.Debug|Any CPU.Build.0 = Debug|Any CPU
		{128B93DB-04CA-4591-AD5F-2C0F5FC36470}.Release|Any CPU.ActiveCfg = Release|Any CPU
		{128B93DB-04CA-4591-AD5F-2C0F5FC36470}.Release|Any CPU.Build.0 = Release|Any CPU
	EndGlobalSection
EndGlobal
