
Microsoft Visual Studio Solution File, Format Version 12.00
Project("{2150E333-8FDC-42A3-9474-1A3956D46DE8}") = "Server", "Server", "{3AF131D2-E025-4DEE-BA0A-CD5CCA4BCB2D}"
EndProject
Project("{2150E333-8FDC-42A3-9474-1A3956D46DE8}") = "Clients", "Clients", "{3DDEB14E-11D4-45D8-A01C-BE0F4E12F76C}"
EndProject
Project("{2150E333-8FDC-42A3-9474-1A3956D46DE8}") = "Tests", "Tests", "{811F8C4C-D674-473B-83FD-A3CD632EE39E}"
EndProject
Project("{2150E333-8FDC-42A3-9474-1A3956D46DE8}") = "Deployables", "Deployables", "{1C2D5289-9707-435D-A708-8DAFBD5DEBD3}"
EndProject
Project("{2150E333-8FDC-42A3-9474-1A3956D46DE8}") = "Clients", "Clients", "{E2E6F463-E50C-48F2-9113-4AC5A87DC595}"
EndProject
Project("{2150E333-8FDC-42A3-9474-1A3956D46DE8}") = "Server", "Server", "{8619075F-84DC-447A-B9B2-3980B1610A4C}"
EndProject
Project("{FAE04EC0-301F-11D3-BF4B-00C04F79EFBC}") = "Application", "MadWorldNL.HomeFriend.Server.Application\Application.csproj", "{7453EDB5-C4C1-4096-A4F7-1156257E439F}"
EndProject
Project("{FAE04EC0-301F-11D3-BF4B-00C04F79EFBC}") = "Hub", "MadWorldNL.HomeFriend.Server.Hub\Hub.csproj", "{D4E6E7E7-1E9B-420D-AFC8-397392F5004A}"
EndProject
Project("{2150E333-8FDC-42A3-9474-1A3956D46DE8}") = "Solution Items", "Solution Items", "{6859C5A4-24E7-43C6-931A-DC387E6D3E1D}"
	ProjectSection(SolutionItems) = preProject
		docker-compose.yml = docker-compose.yml
		Directory.Build.props = Directory.Build.props
		Directory.Packages.props = Directory.Packages.props
		..\README.md = ..\README.md
	EndProjectSection
EndProject
Project("{FAE04EC0-301F-11D3-BF4B-00C04F79EFBC}") = "Domain", "MadWorldNL.HomeFriend.Server.Domain\Domain.csproj", "{0708AD77-AA65-4EA3-BD59-EB7982E97581}"
EndProject
Project("{FAE04EC0-301F-11D3-BF4B-00C04F79EFBC}") = "Infrastructure", "MadWorldNL.HomeFriend.Server.Infrastructure\Infrastructure.csproj", "{7F10CC9E-7A38-485C-963A-EB1E3F3ADEF1}"
EndProject
Project("{2150E333-8FDC-42A3-9474-1A3956D46DE8}") = "Portal", "Portal", "{272B2289-7101-45DB-8869-7AA847EB4DCB}"
EndProject
Project("{FAE04EC0-301F-11D3-BF4B-00C04F79EFBC}") = "Portal", "MadWorldNL.HomeFriend.Clients.Portal\Portal.csproj", "{128B93DB-04CA-4591-AD5F-2C0F5FC36470}"
EndProject
Project("{2150E333-8FDC-42A3-9474-1A3956D46DE8}") = "Workflows", "Workflows", "{C6FA4D47-D610-43DC-9A3C-B52340E0EDA9}"
	ProjectSection(SolutionItems) = preProject
		..\.github\workflows\build-hub.yaml = ..\.github\workflows\build-hub.yaml
		..\.github\workflows\build-portal.yaml = ..\.github\workflows\build-portal.yaml
	EndProjectSection
EndProject
Project("{2150E333-8FDC-42A3-9474-1A3956D46DE8}") = "ThirdParties", "ThirdParties", "{1A1FE48B-BDD7-41B7-BDFE-9373F20A4F9C}"
EndProject
Project("{FAE04EC0-301F-11D3-BF4B-00C04F79EFBC}") = "GreenChoice.ClientSDK", "MadWorld.ThirdParties.GreenChoice.ClientSDK\GreenChoice.ClientSDK.csproj", "{87AD3425-4D4A-4889-B02F-3AD4B98F933C}"
EndProject
Project("{FAE04EC0-301F-11D3-BF4B-00C04F79EFBC}") = "Energy.Domain", "MadWorldNL.ThirdParties.Energy.Domain\Energy.Domain.csproj", "{3EADE109-8103-4DD1-85BF-247D93C46029}"
EndProject
Project("{2150E333-8FDC-42A3-9474-1A3956D46DE8}") = "Debug", "Debug", "{E019735E-8DEA-4572-80D5-4BEC74C610E5}"
EndProject
Project("{FAE04EC0-301F-11D3-BF4B-00C04F79EFBC}") = "General", "General\General.csproj", "{A5E92414-41BA-4962-8E60-0C3DEB5116F5}"
EndProject
Project("{FAE04EC0-301F-11D3-BF4B-00C04F79EFBC}") = "GreenChoice.AspNetCore", "MadWorldNL.ThirdParties.GreenChoice.AspNetCore\GreenChoice.AspNetCore.csproj", "{AC0F4912-03F6-4F9E-B8D3-6F54A1B0E30B}"
EndProject
Project("{FAE04EC0-301F-11D3-BF4B-00C04F79EFBC}") = "Contracts", "MadWorldNL.HomeFriend.Server.Contracts\Contracts.csproj", "{E8E93FB2-CEE6-4A33-B19E-85F9B089D3BD}"
EndProject
Global
	GlobalSection(SolutionConfigurationPlatforms) = preSolution
		Debug|Any CPU = Debug|Any CPU
		Release|Any CPU = Release|Any CPU
	EndGlobalSection
	GlobalSection(NestedProjects) = preSolution
		{3DDEB14E-11D4-45D8-A01C-BE0F4E12F76C} = {811F8C4C-D674-473B-83FD-A3CD632EE39E}
		{3AF131D2-E025-4DEE-BA0A-CD5CCA4BCB2D} = {811F8C4C-D674-473B-83FD-A3CD632EE39E}
		{E2E6F463-E50C-48F2-9113-4AC5A87DC595} = {1C2D5289-9707-435D-A708-8DAFBD5DEBD3}
		{8619075F-84DC-447A-B9B2-3980B1610A4C} = {1C2D5289-9707-435D-A708-8DAFBD5DEBD3}
		{7453EDB5-C4C1-4096-A4F7-1156257E439F} = {8619075F-84DC-447A-B9B2-3980B1610A4C}
		{D4E6E7E7-1E9B-420D-AFC8-397392F5004A} = {8619075F-84DC-447A-B9B2-3980B1610A4C}
		{0708AD77-AA65-4EA3-BD59-EB7982E97581} = {8619075F-84DC-447A-B9B2-3980B1610A4C}
		{7F10CC9E-7A38-485C-963A-EB1E3F3ADEF1} = {8619075F-84DC-447A-B9B2-3980B1610A4C}
		{272B2289-7101-45DB-8869-7AA847EB4DCB} = {E2E6F463-E50C-48F2-9113-4AC5A87DC595}
		{128B93DB-04CA-4591-AD5F-2C0F5FC36470} = {272B2289-7101-45DB-8869-7AA847EB4DCB}
		{C6FA4D47-D610-43DC-9A3C-B52340E0EDA9} = {6859C5A4-24E7-43C6-931A-DC387E6D3E1D}
		{1A1FE48B-BDD7-41B7-BDFE-9373F20A4F9C} = {1C2D5289-9707-435D-A708-8DAFBD5DEBD3}
		{87AD3425-4D4A-4889-B02F-3AD4B98F933C} = {1A1FE48B-BDD7-41B7-BDFE-9373F20A4F9C}
		{3EADE109-8103-4DD1-85BF-247D93C46029} = {1A1FE48B-BDD7-41B7-BDFE-9373F20A4F9C}
		{E019735E-8DEA-4572-80D5-4BEC74C610E5} = {E2E6F463-E50C-48F2-9113-4AC5A87DC595}
		{A5E92414-41BA-4962-8E60-0C3DEB5116F5} = {E019735E-8DEA-4572-80D5-4BEC74C610E5}
		{AC0F4912-03F6-4F9E-B8D3-6F54A1B0E30B} = {1A1FE48B-BDD7-41B7-BDFE-9373F20A4F9C}
		{E8E93FB2-CEE6-4A33-B19E-85F9B089D3BD} = {8619075F-84DC-447A-B9B2-3980B1610A4C}
	EndGlobalSection
	GlobalSection(ProjectConfigurationPlatforms) = postSolution
		{7453EDB5-C4C1-4096-A4F7-1156257E439F}.Debug|Any CPU.ActiveCfg = Debug|Any CPU
		{7453EDB5-C4C1-4096-A4F7-1156257E439F}.Debug|Any CPU.Build.0 = Debug|Any CPU
		{7453EDB5-C4C1-4096-A4F7-1156257E439F}.Release|Any CPU.ActiveCfg = Release|Any CPU
		{7453EDB5-C4C1-4096-A4F7-1156257E439F}.Release|Any CPU.Build.0 = Release|Any CPU
		{D4E6E7E7-1E9B-420D-AFC8-397392F5004A}.Debug|Any CPU.ActiveCfg = Debug|Any CPU
		{D4E6E7E7-1E9B-420D-AFC8-397392F5004A}.Debug|Any CPU.Build.0 = Debug|Any CPU
		{D4E6E7E7-1E9B-420D-AFC8-397392F5004A}.Release|Any CPU.ActiveCfg = Release|Any CPU
		{D4E6E7E7-1E9B-420D-AFC8-397392F5004A}.Release|Any CPU.Build.0 = Release|Any CPU
		{0708AD77-AA65-4EA3-BD59-EB7982E97581}.Debug|Any CPU.ActiveCfg = Debug|Any CPU
		{0708AD77-AA65-4EA3-BD59-EB7982E97581}.Debug|Any CPU.Build.0 = Debug|Any CPU
		{0708AD77-AA65-4EA3-BD59-EB7982E97581}.Release|Any CPU.ActiveCfg = Release|Any CPU
		{0708AD77-AA65-4EA3-BD59-EB7982E97581}.Release|Any CPU.Build.0 = Release|Any CPU
		{7F10CC9E-7A38-485C-963A-EB1E3F3ADEF1}.Debug|Any CPU.ActiveCfg = Debug|Any CPU
		{7F10CC9E-7A38-485C-963A-EB1E3F3ADEF1}.Debug|Any CPU.Build.0 = Debug|Any CPU
		{7F10CC9E-7A38-485C-963A-EB1E3F3ADEF1}.Release|Any CPU.ActiveCfg = Release|Any CPU
		{7F10CC9E-7A38-485C-963A-EB1E3F3ADEF1}.Release|Any CPU.Build.0 = Release|Any CPU
		{128B93DB-04CA-4591-AD5F-2C0F5FC36470}.Debug|Any CPU.ActiveCfg = Debug|Any CPU
		{128B93DB-04CA-4591-AD5F-2C0F5FC36470}.Debug|Any CPU.Build.0 = Debug|Any CPU
		{128B93DB-04CA-4591-AD5F-2C0F5FC36470}.Release|Any CPU.ActiveCfg = Release|Any CPU
		{128B93DB-04CA-4591-AD5F-2C0F5FC36470}.Release|Any CPU.Build.0 = Release|Any CPU
		{87AD3425-4D4A-4889-B02F-3AD4B98F933C}.Debug|Any CPU.ActiveCfg = Debug|Any CPU
		{87AD3425-4D4A-4889-B02F-3AD4B98F933C}.Debug|Any CPU.Build.0 = Debug|Any CPU
		{87AD3425-4D4A-4889-B02F-3AD4B98F933C}.Release|Any CPU.ActiveCfg = Release|Any CPU
		{87AD3425-4D4A-4889-B02F-3AD4B98F933C}.Release|Any CPU.Build.0 = Release|Any CPU
		{3EADE109-8103-4DD1-85BF-247D93C46029}.Debug|Any CPU.ActiveCfg = Debug|Any CPU
		{3EADE109-8103-4DD1-85BF-247D93C46029}.Debug|Any CPU.Build.0 = Debug|Any CPU
		{3EADE109-8103-4DD1-85BF-247D93C46029}.Release|Any CPU.ActiveCfg = Release|Any CPU
		{3EADE109-8103-4DD1-85BF-247D93C46029}.Release|Any CPU.Build.0 = Release|Any CPU
		{A5E92414-41BA-4962-8E60-0C3DEB5116F5}.Debug|Any CPU.ActiveCfg = Debug|Any CPU
		{A5E92414-41BA-4962-8E60-0C3DEB5116F5}.Debug|Any CPU.Build.0 = Debug|Any CPU
		{A5E92414-41BA-4962-8E60-0C3DEB5116F5}.Release|Any CPU.ActiveCfg = Release|Any CPU
		{A5E92414-41BA-4962-8E60-0C3DEB5116F5}.Release|Any CPU.Build.0 = Release|Any CPU
		{AC0F4912-03F6-4F9E-B8D3-6F54A1B0E30B}.Debug|Any CPU.ActiveCfg = Debug|Any CPU
		{AC0F4912-03F6-4F9E-B8D3-6F54A1B0E30B}.Debug|Any CPU.Build.0 = Debug|Any CPU
		{AC0F4912-03F6-4F9E-B8D3-6F54A1B0E30B}.Release|Any CPU.ActiveCfg = Release|Any CPU
		{AC0F4912-03F6-4F9E-B8D3-6F54A1B0E30B}.Release|Any CPU.Build.0 = Release|Any CPU
		{E8E93FB2-CEE6-4A33-B19E-85F9B089D3BD}.Debug|Any CPU.ActiveCfg = Debug|Any CPU
		{E8E93FB2-CEE6-4A33-B19E-85F9B089D3BD}.Debug|Any CPU.Build.0 = Debug|Any CPU
		{E8E93FB2-CEE6-4A33-B19E-85F9B089D3BD}.Release|Any CPU.ActiveCfg = Release|Any CPU
		{E8E93FB2-CEE6-4A33-B19E-85F9B089D3BD}.Release|Any CPU.Build.0 = Release|Any CPU
	EndGlobalSection
EndGlobal
